github.com/cheekybits/is v0.0.0-20150225183255-68e9c0620927 h1:SKI1/fuSdodxmNNyVBR8d7X/HuLnRpvvFO0AgyQk764=
github.com/cheekybits/is v0.0.0-20150225183255-68e9c0620927/go.mod h1:h/aW8ynjgkuj+NQRlZcDbAbM1ORAbXjXX77sX7T289U=
github.com/djherbis/atime v1.1.0 h1:rgwVbP/5by8BvvjBNrbh64Qz33idKT3pSnMSJsxhi0g=
github.com/djherbis/atime v1.1.0/go.mod h1:28OF6Y8s3NQWwacXc5eZTsEsiMzp7LF8MbXE+XJPdBE=
github.com/dustin/go-humanize v1.0.1 h1:GzkhY7T5VNhEkwH0PVJgjz+fX1rhBrR7pRT3mDkpeCY=
github.com/dustin/go-humanize v1.0.1/go.mod h1:Mu1zIs6XwVuF/gI1OepvI0qD18qycQx+mFykh5fBlto=
github.com/fsnotify/fsnotify v1.6.0 h1:n+5WquG0fcWoWp6xPWfHdbskMCQaFnG6PfBrh1Ky4HY=
github.com/fsnotify/fsnotify v1.6.0/go.mod h1:sl3t1tCWJFWoRz9R8WJCbQihKKwmorjAbSClcnxKAGw=
github.com/matryer/try v0.0.0-20161228173917-9ac251b645a2 h1:JAEbJn3j/FrhdWA9jW8B5ajsLIjeuEHLi8xE4fk997o=
github.com/matryer/try v0.0.0-20161228173917-9ac251b645a2/go.mod h1:0KeJpeMD6o+O4hW7qJOT7vyQPKrWmj26uf5wMc/IiIs=
github.com/tdewolff/argp v0.0.0-20231006153134-9e8ae9690730 h1:+ovScTG2is8AhPgzJCs9g+jo2R1l5Mq6o6np9FSkCfQ=
github.com/tdewolff/argp v0.0.0-20231006153134-9e8ae9690730/go.mod h1:fF+gnKbmf3iMG+ErLiF+orMU/InyZIEnKVVigUjfriw=
github.com/tdewolff/parse/v2 v2.7.0 h1:eVeKTV9nQ9BNS0LPlOgrhLXisiAjacaf60aRgSEtnic=
github.com/tdewolff/parse/v2 v2.7.0/go.mod h1:9p2qMIHpjRSTr1qnFxQr+igogyTUTlwvf9awHSm84h8=
github.com/tdewolff/parse/v2 v2.7.1 h1:gdImkv0sIupYr/cXAu5s+CxfVpxMdYZX2Qr+5Q+RdF8=
github.com/tdewolff/parse/v2 v2.7.1/go.mod h1:9p2qMIHpjRSTr1qnFxQr+igogyTUTlwvf9awHSm84h8=
github.com/tdewolff/test v1.0.6/go.mod h1:6DAvZliBAAnD7rhVgwaM7DE5/d9NMOAJ09SqYqeK4QE=
github.com/tdewolff/test v1.0.10 h1:uWiheaLgLcNFqHcdWveum7PQfMnIUTf9Kl3bFxrIoew=
github.com/tdewolff/test v1.0.10/go.mod h1:6DAvZliBAAnD7rhVgwaM7DE5/d9NMOAJ09SqYqeK4QE=
golang.org/x/sys v0.0.0-20220908164124-27713097b956/go.mod h1:oPkhp1MJrh7nUepCBck5+mAzfO9JrbApNNgaTdGDITg=
golang.org/x/sys v0.13.0 h1:Af8nKPmuFypiUBjVoU9V20FiaFXOcuZI21p0ycVYYGE=
golang.org/x/sys v0.13.0/go.mod h1:oPkhp1MJrh7nUepCBck5+mAzfO9JrbApNNgaTdGDITg=
