{
  "name": "example",
  "lockfileVersion": 2,
  "requires": true,
  "packages": {
    "": {
      "dependencies": {
        "@tdewolff/minify": "^2.11.13"
      }
    },
    "node_modules/@tdewolff/minify": {
      "version": "2.11.13",
      "resolved": "https://registry.npmjs.org/@tdewolff/minify/-/minify-2.11.13.tgz",
      "integrity": "sha512-763/uBUbqmkqwdcrylSM00HjWaqURRRGnDBuSBuYDm6NwnU2j56bnj9PVOiSa1WeZ3DcASfEMnnca/lk1awxdg==",
      "hasInstallScript": true,
      "dependencies": {
        "node-gyp-build": "^4.4.0"
      }
    },
    "node_modules/node-gyp-build": {
      "version": "4.4.0",
      "resolved": "https://registry.npmjs.org/node-gyp-build/-/node-gyp-build-4.4.0.tgz",
      "integrity": "sha512-amJnQCcgtRVw9SvoebO3BKGESClrfXGCUTX9hSn1OuGQTQBOZmVd0Z0OlecpuRksKvbsUqALE8jls/ErClAPuQ==",
      "bin": {
        "node-gyp-build": "bin.js",
        "node-gyp-build-optional": "optional.js",
        "node-gyp-build-test": "build-test.js"
      }
    }
  },
  "dependencies": {
    "@tdewolff/minify": {
      "version": "2.11.13",
      "resolved": "https://registry.npmjs.org/@tdewolff/minify/-/minify-2.11.13.tgz",
      "integrity": "sha512-763/uBUbqmkqwdcrylSM00HjWaqURRRGnDBuSBuYDm6NwnU2j56bnj9PVOiSa1WeZ3DcASfEMnnca/lk1awxdg==",
      "requires": {
        "node-gyp-build": "^4.4.0"
      }
    },
    "node-gyp-build": {
      "version": "4.4.0",
      "resolved": "https://registry.npmjs.org/node-gyp-build/-/node-gyp-build-4.4.0.tgz",
      "integrity": "sha512-amJnQCcgtRVw9SvoebO3BKGESClrfXGCUTX9hSn1OuGQTQBOZmVd0Z0OlecpuRksKvbsUqALE8jls/ErClAPuQ=="
    }
  }
}
