github.com/tdewolff/minify/v2 v2.20.20 h1:vhULb+VsW2twkplgsawAoUY957efb+EdiZ7zu5fUhhk=
github.com/tdewolff/minify/v2 v2.20.20/go.mod h1:GYaLXFpIIwsX99apQHXfGdISUdlA98wmaoWxjT9C37k=
github.com/tdewolff/parse/v2 v2.7.13 h1:iSiwOUkCYLNfapHoqdLcqZVgvQ0jrsao8YYKP/UJYTI=
github.com/tdewolff/parse/v2 v2.7.13/go.mod h1:3FbJWZp3XT9OWVN3Hmfp0p/a08v4h8J9W1aghka0soA=
github.com/tdewolff/test v1.0.11-0.20231101010635-f1265d231d52/go.mod h1:6DAvZliBAAnD7rhVgwaM7DE5/d9NMOAJ09SqYqeK4QE=
github.com/tdewolff/test v1.0.11-0.20240106005702-7de5f7df4739 h1:IkjBCtQOOjIn03u/dMQK9g+Iw9ewps4mCl1nB8Sscbo=
