github.com/tdewolff/parse/v2 v2.8.8 h1:l3yOJ4OUKq1sKeQQxZ7P2yZ6daW/Oq4IDxL98uTOpPI=
github.com/tdewolff/parse/v2 v2.8.8/go.mod h1:Hwlni2tiVNKyzR1o6nUs4FOF07URA+JLBLd6dlIXYqo=
github.com/tdewolff/test v1.0.11 h1:FdLbwQVHxqG16SlkGveC0JVyrJN62COWTRyUFzfbtBE=
github.com/tdewolff/test v1.0.11/go.mod h1:XPuWBzvdUzhCuxWO1ojpXsyzsA5bFoS3tO/Q3kFuTG8=
