github.com/dvyukov/go-fuzz v0.0.0-20200318091601-be3528f3a813 h1:NgO45/5mBLRVfiXerEFzH6ikcZ7DNRPS639xFg3ENzU=
github.com/dvyukov/go-fuzz v0.0.0-20200318091601-be3528f3a813/go.mod h1:11Gm+ccJnvAhCNLlf5+cS9KjtbaD5I5zaZpFMsTHWTw=
github.com/tdewolff/parse/v2 v2.4.3 h1:k24zHgTRGm7LkvbTEreuavyZTf0k8a/lIenggv62OiU=
github.com/tdewolff/parse/v2 v2.4.3/go.mod h1:WzaJpRSbwq++EIQHYIRTpbYKNA3gn9it1Ik++q4zyho=
github.com/tdewolff/test v1.0.6 h1:76mzYJQ83Op284kMT+63iCNCI7NEERsIN8dLM+RiKr4=
github.com/tdewolff/test v1.0.6/go.mod h1:6DAvZliBAAnD7rhVgwaM7DE5/d9NMOAJ09SqYqeK4QE=
