github.com/tdewolff/minify/v2 v2.12.5 h1:s2KDBt/D/3ayE3gcqQF8VIgTmYgkx+btuLvVAeePzZM=
github.com/tdewolff/minify/v2 v2.12.5/go.mod h1:i8QXtVyL7Ddwc4I5gqzvgBqKlTMgMNTbiXaPO4Iqg+A=
github.com/tdewolff/parse/v2 v2.6.5 h1:lYvWBk55GkqKl0JJenGpmrgu/cPHQQ6/Mm1hBGswoGQ=
github.com/tdewolff/parse/v2 v2.6.5/go.mod h1:woz0cgbLwFdtbjJu8PIKxhW05KplTFQkOdX78o+Jgrs=
