{
  "name": "@tdewolff/minify",
  "version": "2.12.1",
  "lockfileVersion": 2,
  "requires": true,
  "packages": {
    "": {
      "name": "@tdewolff/minify",
      "version": "2.12.1",
      "hasInstallScript": true,
      "license": "MIT",
      "dependencies": {
        "node-gyp-build": "^4.6.0"
      },
      "devDependencies": {
        "node-api-headers": "^0.0.1"
      }
    },
    "node_modules/node-api-headers": {
      "version": "0.0.1",
      "resolved": "https://registry.npmjs.org/node-api-headers/-/node-api-headers-0.0.1.tgz",
      "integrity": "sha512-eRxckUSXMRQRV69h+ksfleQzR3BdRwkJuc/Y65KFFwhibC5G1y6wgytYW2WWTB/oG1bt+pf2RwjZDYC0xKqgqQ==",
      "dev": true
    },
    "node_modules/node-gyp-build": {
      "version": "4.6.0",
      "resolved": "https://registry.npmjs.org/node-gyp-build/-/node-gyp-build-4.6.0.tgz",
      "integrity": "sha512-NTZVKn9IylLwUzaKjkas1e4u2DLNcV4rdYagA4PWdPwW87Bi7z+BznyKSRwS/761tV/lzCGXplWsiaMjLqP2zQ==",
      "bin": {
        "node-gyp-build": "bin.js",
        "node-gyp-build-optional": "optional.js",
        "node-gyp-build-test": "build-test.js"
      }
    }
  },
  "dependencies": {
    "node-api-headers": {
      "version": "0.0.1",
      "resolved": "https://registry.npmjs.org/node-api-headers/-/node-api-headers-0.0.1.tgz",
      "integrity": "sha512-eRxckUSXMRQRV69h+ksfleQzR3BdRwkJuc/Y65KFFwhibC5G1y6wgytYW2WWTB/oG1bt+pf2RwjZDYC0xKqgqQ==",
      "dev": true
    },
    "node-gyp-build": {
      "version": "4.6.0",
      "resolved": "https://registry.npmjs.org/node-gyp-build/-/node-gyp-build-4.6.0.tgz",
      "integrity": "sha512-NTZVKn9IylLwUzaKjkas1e4u2DLNcV4rdYagA4PWdPwW87Bi7z+BznyKSRwS/761tV/lzCGXplWsiaMjLqP2zQ=="
    }
  }
}
